{
  "originHash" : "2571f7608378478133af607754cc061f9911c07339442f25733aced5c83f85b4",
  "pins" : [
    {
      "identity" : "bxanchor",
      "kind" : "remoteSourceControl",
      "location" : "https://github.com/chhailongsann/BXAnchor.git",
      "state" : {
        "revision" : "ff8250efc7295d07e007652f31f0c87431541785",
        "version" : "1.0.10"
      }
    }
  ],
  "version" : 3
}
