{
  "originHash" : "2571f7608378478133af607754cc061f9911c07339442f25733aced5c83f85b4",
  "pins" : [
    {
      "identity" : "bxanchor",
      "kind" : "remoteSourceControl",
      "location" : "https://github.com/chhailongsann/BXAnchor.git",
      "state" : {
        "revision" : "38362ea4b955469a1fd79303ee4a2c8b080f09cd",
        "version" : "1.0.9"
      }
    }
  ],
  "version" : 3
}
